
Microsoft Visual Studio Solution File, Format Version 12.00
# Visual Studio Version 17
VisualStudioVersion = 17.2.32526.322
MinimumVisualStudioVersion = 10.0.40219.1
Project("{FAE04EC0-301F-11D3-BF4B-00C04F79EFBC}") = "manipulacion de cadenas 2", "manipulacion de cadenas 2\manipulacion de cadenas 2.csproj", "{D289EEAF-71C6-42FE-8AD7-469AB348B612}"
EndProject
Global
	GlobalSection(SolutionConfigurationPlatforms) = preSolution
		Debug|Any CPU = Debug|Any CPU
		Release|Any CPU = Release|Any CPU
	EndGlobalSection
	GlobalSection(ProjectConfigurationPlatforms) = postSolution
		{D289EEAF-71C6-42FE-8AD7-469AB348B612}.Debug|Any CPU.ActiveCfg = Debug|Any CPU
		{D289EEAF-71C6-42FE-8AD7-469AB348B612}.Debug|Any CPU.Build.0 = Debug|Any CPU
		{D289EEAF-71C6-42FE-8AD7-469AB348B612}.Release|Any CPU.ActiveCfg = Release|Any CPU
		{D289EEAF-71C6-42FE-8AD7-469AB348B612}.Release|Any CPU.Build.0 = Release|Any CPU
	EndGlobalSection
	GlobalSection(SolutionProperties) = preSolution
		HideSolutionNode = FALSE
	EndGlobalSection
	GlobalSection(ExtensibilityGlobals) = postSolution
		SolutionGuid = {4413E15B-749C-4ED1-AA58-AA81A58D23AA}
	EndGlobalSection
EndGlobal
