
Microsoft Visual Studio Solution File, Format Version 12.00
# Visual Studio Version 17
VisualStudioVersion = 17.2.32526.322
MinimumVisualStudioVersion = 10.0.40219.1
Project("{FAE04EC0-301F-11D3-BF4B-00C04F79EFBC}") = "PasarArregloObjectoParam", "PasarArregloObjectoParam\PasarArregloObjectoParam.csproj", "{B786D567-D932-495D-AD03-D208EC0D4BE7}"
EndProject
Global
	GlobalSection(SolutionConfigurationPlatforms) = preSolution
		Debug|Any CPU = Debug|Any CPU
		Release|Any CPU = Release|Any CPU
	EndGlobalSection
	GlobalSection(ProjectConfigurationPlatforms) = postSolution
		{B786D567-D932-495D-AD03-D208EC0D4BE7}.Debug|Any CPU.ActiveCfg = Debug|Any CPU
		{B786D567-D932-495D-AD03-D208EC0D4BE7}.Debug|Any CPU.Build.0 = Debug|Any CPU
		{B786D567-D932-495D-AD03-D208EC0D4BE7}.Release|Any CPU.ActiveCfg = Release|Any CPU
		{B786D567-D932-495D-AD03-D208EC0D4BE7}.Release|Any CPU.Build.0 = Release|Any CPU
	EndGlobalSection
	GlobalSection(SolutionProperties) = preSolution
		HideSolutionNode = FALSE
	EndGlobalSection
	GlobalSection(ExtensibilityGlobals) = postSolution
		SolutionGuid = {BD3B3147-3BA9-4C7D-B053-E3D77EBB76B2}
	EndGlobalSection
EndGlobal
