
Microsoft Visual Studio Solution File, Format Version 12.00
# Visual Studio Version 17
VisualStudioVersion = 17.2.32526.322
MinimumVisualStudioVersion = 10.0.40219.1
Project("{FAE04EC0-301F-11D3-BF4B-00C04F79EFBC}") = "Arrays", "Arrays\Arrays.csproj", "{71483A20-027D-433B-9FF5-0827E9D739A6}"
EndProject
Global
	GlobalSection(SolutionConfigurationPlatforms) = preSolution
		Debug|Any CPU = Debug|Any CPU
		Release|Any CPU = Release|Any CPU
	EndGlobalSection
	GlobalSection(ProjectConfigurationPlatforms) = postSolution
		{71483A20-027D-433B-9FF5-0827E9D739A6}.Debug|Any CPU.ActiveCfg = Debug|Any CPU
		{71483A20-027D-433B-9FF5-0827E9D739A6}.Debug|Any CPU.Build.0 = Debug|Any CPU
		{71483A20-027D-433B-9FF5-0827E9D739A6}.Release|Any CPU.ActiveCfg = Release|Any CPU
		{71483A20-027D-433B-9FF5-0827E9D739A6}.Release|Any CPU.Build.0 = Release|Any CPU
	EndGlobalSection
	GlobalSection(SolutionProperties) = preSolution
		HideSolutionNode = FALSE
	EndGlobalSection
	GlobalSection(ExtensibilityGlobals) = postSolution
		SolutionGuid = {940A9FB7-076A-4D84-87C3-7CCF1E023A88}
	EndGlobalSection
EndGlobal
