
Microsoft Visual Studio Solution File, Format Version 12.00
# Visual Studio Version 17
VisualStudioVersion = 17.2.32526.322
MinimumVisualStudioVersion = 10.0.40219.1
Project("{FAE04EC0-301F-11D3-BF4B-00C04F79EFBC}") = "switch 2", "switch 2\switch 2.csproj", "{12F229F9-D295-4116-B27A-A6C0B359B6B3}"
EndProject
Global
	GlobalSection(SolutionConfigurationPlatforms) = preSolution
		Debug|Any CPU = Debug|Any CPU
		Release|Any CPU = Release|Any CPU
	EndGlobalSection
	GlobalSection(ProjectConfigurationPlatforms) = postSolution
		{12F229F9-D295-4116-B27A-A6C0B359B6B3}.Debug|Any CPU.ActiveCfg = Debug|Any CPU
		{12F229F9-D295-4116-B27A-A6C0B359B6B3}.Debug|Any CPU.Build.0 = Debug|Any CPU
		{12F229F9-D295-4116-B27A-A6C0B359B6B3}.Release|Any CPU.ActiveCfg = Release|Any CPU
		{12F229F9-D295-4116-B27A-A6C0B359B6B3}.Release|Any CPU.Build.0 = Release|Any CPU
	EndGlobalSection
	GlobalSection(SolutionProperties) = preSolution
		HideSolutionNode = FALSE
	EndGlobalSection
	GlobalSection(ExtensibilityGlobals) = postSolution
		SolutionGuid = {56BF8981-F999-4A50-B0AD-7C8B7D2A2CCF}
	EndGlobalSection
EndGlobal
