
Microsoft Visual Studio Solution File, Format Version 12.00
# Visual Studio Version 17
VisualStudioVersion = 17.2.32526.322
MinimumVisualStudioVersion = 10.0.40219.1
Project("{FAE04EC0-301F-11D3-BF4B-00C04F79EFBC}") = "Manipulacion de cadenas", "Manipulacion de cadenas\Manipulacion de cadenas.csproj", "{87E02FA1-62D9-47B7-957B-E8FED24D70FB}"
EndProject
Global
	GlobalSection(SolutionConfigurationPlatforms) = preSolution
		Debug|Any CPU = Debug|Any CPU
		Release|Any CPU = Release|Any CPU
	EndGlobalSection
	GlobalSection(ProjectConfigurationPlatforms) = postSolution
		{87E02FA1-62D9-47B7-957B-E8FED24D70FB}.Debug|Any CPU.ActiveCfg = Debug|Any CPU
		{87E02FA1-62D9-47B7-957B-E8FED24D70FB}.Debug|Any CPU.Build.0 = Debug|Any CPU
		{87E02FA1-62D9-47B7-957B-E8FED24D70FB}.Release|Any CPU.ActiveCfg = Release|Any CPU
		{87E02FA1-62D9-47B7-957B-E8FED24D70FB}.Release|Any CPU.Build.0 = Release|Any CPU
	EndGlobalSection
	GlobalSection(SolutionProperties) = preSolution
		HideSolutionNode = FALSE
	EndGlobalSection
	GlobalSection(ExtensibilityGlobals) = postSolution
		SolutionGuid = {4A1C0EE0-8E17-4144-A216-79235D8E4FC5}
	EndGlobalSection
EndGlobal
