
Microsoft Visual Studio Solution File, Format Version 12.00
# Visual Studio Version 17
VisualStudioVersion = 17.2.32526.322
MinimumVisualStudioVersion = 10.0.40219.1
Project("{FAE04EC0-301F-11D3-BF4B-00C04F79EFBC}") = "Metodos Estaticos", "Metodos Estaticos.csproj", "{560B3564-1197-4C0D-96D4-89CC56A3D030}"
EndProject
Global
	GlobalSection(SolutionConfigurationPlatforms) = preSolution
		Debug|Any CPU = Debug|Any CPU
		Release|Any CPU = Release|Any CPU
	EndGlobalSection
	GlobalSection(ProjectConfigurationPlatforms) = postSolution
		{560B3564-1197-4C0D-96D4-89CC56A3D030}.Debug|Any CPU.ActiveCfg = Debug|Any CPU
		{560B3564-1197-4C0D-96D4-89CC56A3D030}.Debug|Any CPU.Build.0 = Debug|Any CPU
		{560B3564-1197-4C0D-96D4-89CC56A3D030}.Release|Any CPU.ActiveCfg = Release|Any CPU
		{560B3564-1197-4C0D-96D4-89CC56A3D030}.Release|Any CPU.Build.0 = Release|Any CPU
	EndGlobalSection
	GlobalSection(SolutionProperties) = preSolution
		HideSolutionNode = FALSE
	EndGlobalSection
	GlobalSection(ExtensibilityGlobals) = postSolution
		SolutionGuid = {BB276CB3-5D21-42A5-97DE-5945B58B7D20}
	EndGlobalSection
EndGlobal
